
Microsoft Visual Studio Solution File, Format Version 12.00
# Visual Studio Version 17
VisualStudioVersion = 17.3.32804.467
MinimumVisualStudioVersion = 10.0.40219.1
Project("{FAE04EC0-301F-11D3-BF4B-00C04F79EFBC}") = "DemoApplication1", "DemoApplication1\DemoApplication1.csproj", "{07FAB88C-7609-481E-A688-FE054E95F2F7}"
EndProject
Global
	GlobalSection(SolutionConfigurationPlatforms) = preSolution
		Debug|Any CPU = Debug|Any CPU
		Release|Any CPU = Release|Any CPU
	EndGlobalSection
	GlobalSection(ProjectConfigurationPlatforms) = postSolution
		{07FAB88C-7609-481E-A688-FE054E95F2F7}.Debug|Any CPU.ActiveCfg = Debug|Any CPU
		{07FAB88C-7609-481E-A688-FE054E95F2F7}.Debug|Any CPU.Build.0 = Debug|Any CPU
		{07FAB88C-7609-481E-A688-FE054E95F2F7}.Release|Any CPU.ActiveCfg = Release|Any CPU
		{07FAB88C-7609-481E-A688-FE054E95F2F7}.Release|Any CPU.Build.0 = Release|Any CPU
	EndGlobalSection
	GlobalSection(SolutionProperties) = preSolution
		HideSolutionNode = FALSE
	EndGlobalSection
	GlobalSection(ExtensibilityGlobals) = postSolution
		SolutionGuid = {054A6163-B70B-4870-B87B-23E5663D1E16}
	EndGlobalSection
EndGlobal
